
Microsoft Visual Studio Solution File, Format Version 12.00
# Visual Studio Version 17
VisualStudioVersion = 17.1.32210.238
MinimumVisualStudioVersion = 10.0.40219.1
Project("{FAE04EC0-301F-11D3-BF4B-00C04F79EFBC}") = "HotelApp", "HotelApp\HotelApp.csproj", "{F5FDD51B-9254-45CE-823A-77706E240236}"
EndProject
Global
	GlobalSection(SolutionConfigurationPlatforms) = preSolution
		Debug|Any CPU = Debug|Any CPU
		Release|Any CPU = Release|Any CPU
	EndGlobalSection
	GlobalSection(ProjectConfigurationPlatforms) = postSolution
		{F5FDD51B-9254-45CE-823A-77706E240236}.Debug|Any CPU.ActiveCfg = Debug|Any CPU
		{F5FDD51B-9254-45CE-823A-77706E240236}.Debug|Any CPU.Build.0 = Debug|Any CPU
		{F5FDD51B-9254-45CE-823A-77706E240236}.Release|Any CPU.ActiveCfg = Release|Any CPU
		{F5FDD51B-9254-45CE-823A-77706E240236}.Release|Any CPU.Build.0 = Release|Any CPU
	EndGlobalSection
	GlobalSection(SolutionProperties) = preSolution
		HideSolutionNode = FALSE
	EndGlobalSection
	GlobalSection(ExtensibilityGlobals) = postSolution
		SolutionGuid = {130D45FA-051C-451B-93E2-1C428F1907D7}
	EndGlobalSection
EndGlobal
